
Microsoft Visual Studio Solution File, Format Version 12.00
# Visual Studio Version 17
VisualStudioVersion = 17.7.34024.191
MinimumVisualStudioVersion = 10.0.40219.1
Project("{FAE04EC0-301F-11D3-BF4B-00C04F79EFBC}") = "Торты", "Торты.csproj", "{AA9B4DD9-34F0-4BD6-9D97-716F48A66BA0}"
EndProject
Global
	GlobalSection(SolutionConfigurationPlatforms) = preSolution
		Debug|Any CPU = Debug|Any CPU
		Release|Any CPU = Release|Any CPU
	EndGlobalSection
	GlobalSection(ProjectConfigurationPlatforms) = postSolution
		{AA9B4DD9-34F0-4BD6-9D97-716F48A66BA0}.Debug|Any CPU.ActiveCfg = Debug|Any CPU
		{AA9B4DD9-34F0-4BD6-9D97-716F48A66BA0}.Debug|Any CPU.Build.0 = Debug|Any CPU
		{AA9B4DD9-34F0-4BD6-9D97-716F48A66BA0}.Release|Any CPU.ActiveCfg = Release|Any CPU
		{AA9B4DD9-34F0-4BD6-9D97-716F48A66BA0}.Release|Any CPU.Build.0 = Release|Any CPU
	EndGlobalSection
	GlobalSection(SolutionProperties) = preSolution
		HideSolutionNode = FALSE
	EndGlobalSection
	GlobalSection(ExtensibilityGlobals) = postSolution
		SolutionGuid = {50F9195E-F9B7-499B-BC38-D53E601EAB40}
	EndGlobalSection
EndGlobal
